{
  "name": "pokemoncompletion",
  "version": "1.0.0",
  "lockfileVersion": 2,
  "requires": true,
  "packages": {
    "": {
      "name": "pokemoncompletion",
      "version": "1.0.0",
      "license": "UNLICENSED",
      "dependencies": {
        "@microsoft/clarity": "^1.0.0"
      },
      "devDependencies": {
        "@smogon/calc": "^0.6.0",
        "@types/big.js": "^6.1.2",
        "v-tooltip": "^2.0.2",
        "vue": "^2.6.10",
        "vue-lazyload": "^1.3.3"
      },
      "engines": {
        "node": ">=21.6.0"
      }
    },
    "node_modules/@microsoft/clarity": {
      "version": "1.0.0",
      "resolved": "https://registry.npmjs.org/@microsoft/clarity/-/clarity-1.0.0.tgz",
      "integrity": "sha512-2QY6SmXnqRj6dWhNY8NYCN3e53j4zCFebH4wGnNhdGV1mqAsQwql2fT0w8TISxCvwwfVp8idsWLIdrRHOms1PQ==",
      "license": "MIT"
    },
    "node_modules/@smogon/calc": {
      "version": "0.6.0",
      "resolved": "https://registry.npmjs.org/@smogon/calc/-/calc-0.6.0.tgz",
      "integrity": "sha512-0HMOKOFOuHY0GIQont/3gtQjZltY13PzsWX5SAn7ws26uL20yG2RYC2V7kG/EYT2lZB48H/ZpBLm52totI65Sw==",
      "dev": true,
      "dependencies": {
        "@types/node": "^14.11.2"
      }
    },
    "node_modules/@types/big.js": {
      "version": "6.1.2",
      "resolved": "https://registry.npmjs.org/@types/big.js/-/big.js-6.1.2.tgz",
      "integrity": "sha512-h24JIZ52rvSvi2jkpYDk2yLH99VzZoCJiSfDWwjst7TwJVuXN61XVCUlPCzRl7mxKEMsGf8z42Q+J4TZwU3z2w==",
      "dev": true
    },
    "node_modules/@types/node": {
      "version": "14.14.14",
      "resolved": "https://registry.npmjs.org/@types/node/-/node-14.14.14.tgz",
      "integrity": "sha512-UHnOPWVWV1z+VV8k6L1HhG7UbGBgIdghqF3l9Ny9ApPghbjICXkUJSd/b9gOgQfjM1r+37cipdw/HJ3F6ICEnQ==",
      "dev": true
    },
    "node_modules/lodash": {
      "version": "4.17.15",
      "resolved": "https://registry.npmjs.org/lodash/-/lodash-4.17.15.tgz",
      "integrity": "sha512-8xOcRHvCjnocdS5cpwXQXVzmmh5e5+saE2QGoeQmbKmRS6J3VQppPOIt0MnmE+4xlZoumy0GPG0D0MVIQbNA1A==",
      "dev": true
    },
    "node_modules/popper.js": {
      "version": "1.16.0",
      "resolved": "https://registry.npmjs.org/popper.js/-/popper.js-1.16.0.tgz",
      "integrity": "sha512-+G+EkOPoE5S/zChTpmBSSDYmhXJ5PsW8eMhH8cP/CQHMFPBG/kC9Y5IIw6qNYgdJ+/COf0ddY2li28iHaZRSjw==",
      "deprecated": "You can find the new Popper v2 at @popperjs/core, this package is dedicated to the legacy v1",
      "dev": true
    },
    "node_modules/v-tooltip": {
      "version": "2.0.2",
      "resolved": "https://registry.npmjs.org/v-tooltip/-/v-tooltip-2.0.2.tgz",
      "integrity": "sha512-xQ+qzOFfywkLdjHknRPgMMupQNS8yJtf9Utd5Dxiu/0n4HtrxqsgDtN2MLZ0LKbburtSAQgyypuE/snM8bBZhw==",
      "dev": true,
      "dependencies": {
        "lodash": "^4.17.11",
        "popper.js": "^1.15.0",
        "vue-resize": "^0.4.5"
      }
    },
    "node_modules/vue": {
      "version": "2.6.11",
      "resolved": "https://registry.npmjs.org/vue/-/vue-2.6.11.tgz",
      "integrity": "sha512-VfPwgcGABbGAue9+sfrD4PuwFar7gPb1yl1UK1MwXoQPAw0BKSqWfoYCT/ThFrdEVWoI51dBuyCoiNU9bZDZxQ==",
      "dev": true
    },
    "node_modules/vue-lazyload": {
      "version": "1.3.3",
      "resolved": "https://registry.npmjs.org/vue-lazyload/-/vue-lazyload-1.3.3.tgz",
      "integrity": "sha512-uHnq0FTEeNmqnbBC2aRKlmtd9LofMZ6Q3mWvgfLa+i9vhxU8fDK+nGs9c1iVT85axSua/AUnMttIq3xPaU9G3A==",
      "dev": true
    },
    "node_modules/vue-resize": {
      "version": "0.4.5",
      "resolved": "https://registry.npmjs.org/vue-resize/-/vue-resize-0.4.5.tgz",
      "integrity": "sha512-bhP7MlgJQ8TIkZJXAfDf78uJO+mEI3CaLABLjv0WNzr4CcGRGPIAItyWYnP6LsPA4Oq0WE+suidNs6dgpO4RHg==",
      "dev": true,
      "peerDependencies": {
        "vue": "^2.3.0"
      }
    }
  },
  "dependencies": {
    "@microsoft/clarity": {
      "version": "1.0.0",
      "resolved": "https://registry.npmjs.org/@microsoft/clarity/-/clarity-1.0.0.tgz",
      "integrity": "sha512-2QY6SmXnqRj6dWhNY8NYCN3e53j4zCFebH4wGnNhdGV1mqAsQwql2fT0w8TISxCvwwfVp8idsWLIdrRHOms1PQ=="
    },
    "@smogon/calc": {
      "version": "0.6.0",
      "resolved": "https://registry.npmjs.org/@smogon/calc/-/calc-0.6.0.tgz",
      "integrity": "sha512-0HMOKOFOuHY0GIQont/3gtQjZltY13PzsWX5SAn7ws26uL20yG2RYC2V7kG/EYT2lZB48H/ZpBLm52totI65Sw==",
      "dev": true,
      "requires": {
        "@types/node": "^14.11.2"
      }
    },
    "@types/big.js": {
      "version": "6.1.2",
      "resolved": "https://registry.npmjs.org/@types/big.js/-/big.js-6.1.2.tgz",
      "integrity": "sha512-h24JIZ52rvSvi2jkpYDk2yLH99VzZoCJiSfDWwjst7TwJVuXN61XVCUlPCzRl7mxKEMsGf8z42Q+J4TZwU3z2w==",
      "dev": true
    },
    "@types/node": {
      "version": "14.14.14",
      "resolved": "https://registry.npmjs.org/@types/node/-/node-14.14.14.tgz",
      "integrity": "sha512-UHnOPWVWV1z+VV8k6L1HhG7UbGBgIdghqF3l9Ny9ApPghbjICXkUJSd/b9gOgQfjM1r+37cipdw/HJ3F6ICEnQ==",
      "dev": true
    },
    "lodash": {
      "version": "4.17.15",
      "resolved": "https://registry.npmjs.org/lodash/-/lodash-4.17.15.tgz",
      "integrity": "sha512-8xOcRHvCjnocdS5cpwXQXVzmmh5e5+saE2QGoeQmbKmRS6J3VQppPOIt0MnmE+4xlZoumy0GPG0D0MVIQbNA1A==",
      "dev": true
    },
    "popper.js": {
      "version": "1.16.0",
      "resolved": "https://registry.npmjs.org/popper.js/-/popper.js-1.16.0.tgz",
      "integrity": "sha512-+G+EkOPoE5S/zChTpmBSSDYmhXJ5PsW8eMhH8cP/CQHMFPBG/kC9Y5IIw6qNYgdJ+/COf0ddY2li28iHaZRSjw==",
      "dev": true
    },
    "v-tooltip": {
      "version": "2.0.2",
      "resolved": "https://registry.npmjs.org/v-tooltip/-/v-tooltip-2.0.2.tgz",
      "integrity": "sha512-xQ+qzOFfywkLdjHknRPgMMupQNS8yJtf9Utd5Dxiu/0n4HtrxqsgDtN2MLZ0LKbburtSAQgyypuE/snM8bBZhw==",
      "dev": true,
      "requires": {
        "lodash": "^4.17.11",
        "popper.js": "^1.15.0",
        "vue-resize": "^0.4.5"
      }
    },
    "vue": {
      "version": "2.6.11",
      "resolved": "https://registry.npmjs.org/vue/-/vue-2.6.11.tgz",
      "integrity": "sha512-VfPwgcGABbGAue9+sfrD4PuwFar7gPb1yl1UK1MwXoQPAw0BKSqWfoYCT/ThFrdEVWoI51dBuyCoiNU9bZDZxQ==",
      "dev": true
    },
    "vue-lazyload": {
      "version": "1.3.3",
      "resolved": "https://registry.npmjs.org/vue-lazyload/-/vue-lazyload-1.3.3.tgz",
      "integrity": "sha512-uHnq0FTEeNmqnbBC2aRKlmtd9LofMZ6Q3mWvgfLa+i9vhxU8fDK+nGs9c1iVT85axSua/AUnMttIq3xPaU9G3A==",
      "dev": true
    },
    "vue-resize": {
      "version": "0.4.5",
      "resolved": "https://registry.npmjs.org/vue-resize/-/vue-resize-0.4.5.tgz",
      "integrity": "sha512-bhP7MlgJQ8TIkZJXAfDf78uJO+mEI3CaLABLjv0WNzr4CcGRGPIAItyWYnP6LsPA4Oq0WE+suidNs6dgpO4RHg==",
      "dev": true,
      "requires": {}
    }
  }
}
